// !$*UTF8*$!
{
	archiveVersion = 1;
	classes = {
	};
	objectVersion = 46;
	objects = {

/* Begin PBXBuildFile section */
		0450D50822CC9BA400DF175D /* TabBarSceneHandler.swift in Sources */ = {isa = PBXBuildFile; fileRef = 0450D4EE22CC9BA400DF175D /* TabBarSceneHandler.swift */; };
		0450D50922CC9BA400DF175D /* TableSceneHandler.swift in Sources */ = {isa = PBXBuildFile; fileRef = 0450D4EF22CC9BA400DF175D /* TableSceneHandler.swift */; };
		0450D50A22CC9BA400DF175D /* RedSceneHandler.swift in Sources */ = {isa = PBXBuildFile; fileRef = 0450D4F022CC9BA400DF175D /* RedSceneHandler.swift */; };
		0450D50B22CC9BA400DF175D /* BlueSceneHandler.swift in Sources */ = {isa = PBXBuildFile; fileRef = 0450D4F122CC9BA400DF175D /* BlueSceneHandler.swift */; };
		0450D50C22CC9BA400DF175D /* NavBarSceneHandler.swift in Sources */ = {isa = PBXBuildFile; fileRef = 0450D4F222CC9BA400DF175D /* NavBarSceneHandler.swift */; };
		0450D50D22CC9BA400DF175D /* URLSceneHandler.swift in Sources */ = {isa = PBXBuildFile; fileRef = 0450D4F322CC9BA400DF175D /* URLSceneHandler.swift */; };
		0450D50E22CC9BA400DF175D /* WebViewSceneHandler.swift in Sources */ = {isa = PBXBuildFile; fileRef = 0450D4F422CC9BA400DF175D /* WebViewSceneHandler.swift */; };
		0450D50F22CC9BA400DF175D /* CollectionSceneHandler.swift in Sources */ = {isa = PBXBuildFile; fileRef = 0450D4F522CC9BA400DF175D /* CollectionSceneHandler.swift */; };
		0450D51022CC9BA400DF175D /* GreenSceneHandler.swift in Sources */ = {isa = PBXBuildFile; fileRef = 0450D4F622CC9BA400DF175D /* GreenSceneHandler.swift */; };
		0450D51122CC9BA400DF175D /* Navigator.swift in Sources */ = {isa = PBXBuildFile; fileRef = 0450D4F722CC9BA400DF175D /* Navigator.swift */; };
		0450D51222CC9BA400DF175D /* NavigatorFlowHeader.swift in Sources */ = {isa = PBXBuildFile; fileRef = 0450D4F922CC9BA400DF175D /* NavigatorFlowHeader.swift */; };
		0450D51322CC9BA400DF175D /* PresentationContext.swift in Sources */ = {isa = PBXBuildFile; fileRef = 0450D4FA22CC9BA400DF175D /* PresentationContext.swift */; };
		0450D51422CC9BA400DF175D /* NavigatorFlowLayout.swift in Sources */ = {isa = PBXBuildFile; fileRef = 0450D4FB22CC9BA400DF175D /* NavigatorFlowLayout.swift */; };
		0450D51522CC9BA500DF175D /* NavigatorFlowSequence.swift in Sources */ = {isa = PBXBuildFile; fileRef = 0450D4FC22CC9BA400DF175D /* NavigatorFlowSequence.swift */; };
		0450D51622CC9BA500DF175D /* Presentation.swift in Sources */ = {isa = PBXBuildFile; fileRef = 0450D4FD22CC9BA400DF175D /* Presentation.swift */; };
		0450D51722CC9BA500DF175D /* NavigatorFlowCollection.swift in Sources */ = {isa = PBXBuildFile; fileRef = 0450D4FE22CC9BA400DF175D /* NavigatorFlowCollection.swift */; };
		0450D51822CC9BA500DF175D /* NavigatorFlowCell.swift in Sources */ = {isa = PBXBuildFile; fileRef = 0450D4FF22CC9BA400DF175D /* NavigatorFlowCell.swift */; };
		0450D51922CC9BA500DF175D /* NavigatorFlowSection.swift in Sources */ = {isa = PBXBuildFile; fileRef = 0450D50022CC9BA400DF175D /* NavigatorFlowSection.swift */; };
		0450D51A22CC9BA500DF175D /* NavigatorFlowTableController.swift in Sources */ = {isa = PBXBuildFile; fileRef = 0450D50122CC9BA400DF175D /* NavigatorFlowTableController.swift */; };
		0450D51B22CC9BA500DF175D /* UIColor+Utils.swift in Sources */ = {isa = PBXBuildFile; fileRef = 0450D50322CC9BA400DF175D /* UIColor+Utils.swift */; };
		0450D51C22CC9BA500DF175D /* LeftTransition.swift in Sources */ = {isa = PBXBuildFile; fileRef = 0450D50522CC9BA400DF175D /* LeftTransition.swift */; };
		0450D51D22CC9BA500DF175D /* Interceptors.swift in Sources */ = {isa = PBXBuildFile; fileRef = 0450D50722CC9BA400DF175D /* Interceptors.swift */; };
		04AE50ED22CDCEDE0089A405 /* GTUITabBarController.swift in Sources */ = {isa = PBXBuildFile; fileRef = 04AE50EC22CDCEDE0089A405 /* GTUITabBarController.swift */; };
		04AE50EF22CDCF240089A405 /* GTUINavigationController.swift in Sources */ = {isa = PBXBuildFile; fileRef = 04AE50EE22CDCF240089A405 /* GTUINavigationController.swift */; };
		4D62C684B654D3C1BAAF8D24 /* Pods_PageNavigator_Tests.framework in Frameworks */ = {isa = PBXBuildFile; fileRef = 6E1E369D170227BD31A84A8E /* Pods_PageNavigator_Tests.framework */; };
		607FACD61AFB9204008FA782 /* AppDelegate.swift in Sources */ = {isa = PBXBuildFile; fileRef = 607FACD51AFB9204008FA782 /* AppDelegate.swift */; };
		607FACDB1AFB9204008FA782 /* Main.storyboard in Resources */ = {isa = PBXBuildFile; fileRef = 607FACD91AFB9204008FA782 /* Main.storyboard */; };
		607FACDD1AFB9204008FA782 /* Images.xcassets in Resources */ = {isa = PBXBuildFile; fileRef = 607FACDC1AFB9204008FA782 /* Images.xcassets */; };
		607FACE01AFB9204008FA782 /* LaunchScreen.xib in Resources */ = {isa = PBXBuildFile; fileRef = 607FACDE1AFB9204008FA782 /* LaunchScreen.xib */; };
		607FACEC1AFB9204008FA782 /* Tests.swift in Sources */ = {isa = PBXBuildFile; fileRef = 607FACEB1AFB9204008FA782 /* Tests.swift */; };
		F0077A1ED3654C09FF42F96D /* Pods_PageNavigator_Example.framework in Frameworks */ = {isa = PBXBuildFile; fileRef = 19489721CBA1BD98978A6B95 /* Pods_PageNavigator_Example.framework */; };
/* End PBXBuildFile section */

/* Begin PBXContainerItemProxy section */
		607FACE61AFB9204008FA782 /* PBXContainerItemProxy */ = {
			isa = PBXContainerItemProxy;
			containerPortal = 607FACC81AFB9204008FA782 /* Project object */;
			proxyType = 1;
			remoteGlobalIDString = 607FACCF1AFB9204008FA782;
			remoteInfo = PageNavigator;
		};
/* End PBXContainerItemProxy section */

/* Begin PBXFileReference section */
		0450D4EE22CC9BA400DF175D /* TabBarSceneHandler.swift */ = {isa = PBXFileReference; fileEncoding = 4; lastKnownFileType = sourcecode.swift; path = TabBarSceneHandler.swift; sourceTree = "<group>"; };
		0450D4EF22CC9BA400DF175D /* TableSceneHandler.swift */ = {isa = PBXFileReference; fileEncoding = 4; lastKnownFileType = sourcecode.swift; path = TableSceneHandler.swift; sourceTree = "<group>"; };
		0450D4F022CC9BA400DF175D /* RedSceneHandler.swift */ = {isa = PBXFileReference; fileEncoding = 4; lastKnownFileType = sourcecode.swift; path = RedSceneHandler.swift; sourceTree = "<group>"; };
		0450D4F122CC9BA400DF175D /* BlueSceneHandler.swift */ = {isa = PBXFileReference; fileEncoding = 4; lastKnownFileType = sourcecode.swift; path = BlueSceneHandler.swift; sourceTree = "<group>"; };
		0450D4F222CC9BA400DF175D /* NavBarSceneHandler.swift */ = {isa = PBXFileReference; fileEncoding = 4; lastKnownFileType = sourcecode.swift; path = NavBarSceneHandler.swift; sourceTree = "<group>"; };
		0450D4F322CC9BA400DF175D /* URLSceneHandler.swift */ = {isa = PBXFileReference; fileEncoding = 4; lastKnownFileType = sourcecode.swift; path = URLSceneHandler.swift; sourceTree = "<group>"; };
		0450D4F422CC9BA400DF175D /* WebViewSceneHandler.swift */ = {isa = PBXFileReference; fileEncoding = 4; lastKnownFileType = sourcecode.swift; path = WebViewSceneHandler.swift; sourceTree = "<group>"; };
		0450D4F522CC9BA400DF175D /* CollectionSceneHandler.swift */ = {isa = PBXFileReference; fileEncoding = 4; lastKnownFileType = sourcecode.swift; path = CollectionSceneHandler.swift; sourceTree = "<group>"; };
		0450D4F622CC9BA400DF175D /* GreenSceneHandler.swift */ = {isa = PBXFileReference; fileEncoding = 4; lastKnownFileType = sourcecode.swift; path = GreenSceneHandler.swift; sourceTree = "<group>"; };
		0450D4F722CC9BA400DF175D /* Navigator.swift */ = {isa = PBXFileReference; fileEncoding = 4; lastKnownFileType = sourcecode.swift; path = Navigator.swift; sourceTree = "<group>"; };
		0450D4F922CC9BA400DF175D /* NavigatorFlowHeader.swift */ = {isa = PBXFileReference; fileEncoding = 4; lastKnownFileType = sourcecode.swift; path = NavigatorFlowHeader.swift; sourceTree = "<group>"; };
		0450D4FA22CC9BA400DF175D /* PresentationContext.swift */ = {isa = PBXFileReference; fileEncoding = 4; lastKnownFileType = sourcecode.swift; path = PresentationContext.swift; sourceTree = "<group>"; };
		0450D4FB22CC9BA400DF175D /* NavigatorFlowLayout.swift */ = {isa = PBXFileReference; fileEncoding = 4; lastKnownFileType = sourcecode.swift; path = NavigatorFlowLayout.swift; sourceTree = "<group>"; };
		0450D4FC22CC9BA400DF175D /* NavigatorFlowSequence.swift */ = {isa = PBXFileReference; fileEncoding = 4; lastKnownFileType = sourcecode.swift; path = NavigatorFlowSequence.swift; sourceTree = "<group>"; };
		0450D4FD22CC9BA400DF175D /* Presentation.swift */ = {isa = PBXFileReference; fileEncoding = 4; lastKnownFileType = sourcecode.swift; path = Presentation.swift; sourceTree = "<group>"; };
		0450D4FE22CC9BA400DF175D /* NavigatorFlowCollection.swift */ = {isa = PBXFileReference; fileEncoding = 4; lastKnownFileType = sourcecode.swift; path = NavigatorFlowCollection.swift; sourceTree = "<group>"; };
		0450D4FF22CC9BA400DF175D /* NavigatorFlowCell.swift */ = {isa = PBXFileReference; fileEncoding = 4; lastKnownFileType = sourcecode.swift; path = NavigatorFlowCell.swift; sourceTree = "<group>"; };
		0450D50022CC9BA400DF175D /* NavigatorFlowSection.swift */ = {isa = PBXFileReference; fileEncoding = 4; lastKnownFileType = sourcecode.swift; path = NavigatorFlowSection.swift; sourceTree = "<group>"; };
		0450D50122CC9BA400DF175D /* NavigatorFlowTableController.swift */ = {isa = PBXFileReference; fileEncoding = 4; lastKnownFileType = sourcecode.swift; path = NavigatorFlowTableController.swift; sourceTree = "<group>"; };
		0450D50322CC9BA400DF175D /* UIColor+Utils.swift */ = {isa = PBXFileReference; fileEncoding = 4; lastKnownFileType = sourcecode.swift; path = "UIColor+Utils.swift"; sourceTree = "<group>"; };
		0450D50522CC9BA400DF175D /* LeftTransition.swift */ = {isa = PBXFileReference; fileEncoding = 4; lastKnownFileType = sourcecode.swift; path = LeftTransition.swift; sourceTree = "<group>"; };
		0450D50722CC9BA400DF175D /* Interceptors.swift */ = {isa = PBXFileReference; fileEncoding = 4; lastKnownFileType = sourcecode.swift; path = Interceptors.swift; sourceTree = "<group>"; };
		04AE50EC22CDCEDE0089A405 /* GTUITabBarController.swift */ = {isa = PBXFileReference; lastKnownFileType = sourcecode.swift; path = GTUITabBarController.swift; sourceTree = "<group>"; };
		04AE50EE22CDCF240089A405 /* GTUINavigationController.swift */ = {isa = PBXFileReference; lastKnownFileType = sourcecode.swift; path = GTUINavigationController.swift; sourceTree = "<group>"; };
		19489721CBA1BD98978A6B95 /* Pods_PageNavigator_Example.framework */ = {isa = PBXFileReference; explicitFileType = wrapper.framework; includeInIndex = 0; path = Pods_PageNavigator_Example.framework; sourceTree = BUILT_PRODUCTS_DIR; };
		2713A37CE52E67A46111FF32 /* PageNavigator.podspec */ = {isa = PBXFileReference; includeInIndex = 1; lastKnownFileType = text; name = PageNavigator.podspec; path = ../PageNavigator.podspec; sourceTree = "<group>"; xcLanguageSpecificationIdentifier = xcode.lang.ruby; };
		3AAF6263043009DE4C79302A /* README.md */ = {isa = PBXFileReference; includeInIndex = 1; lastKnownFileType = net.daringfireball.markdown; name = README.md; path = ../README.md; sourceTree = "<group>"; };
		607FACD01AFB9204008FA782 /* PageNavigator_Example.app */ = {isa = PBXFileReference; explicitFileType = wrapper.application; includeInIndex = 0; path = PageNavigator_Example.app; sourceTree = BUILT_PRODUCTS_DIR; };
		607FACD41AFB9204008FA782 /* Info.plist */ = {isa = PBXFileReference; lastKnownFileType = text.plist.xml; path = Info.plist; sourceTree = "<group>"; };
		607FACD51AFB9204008FA782 /* AppDelegate.swift */ = {isa = PBXFileReference; lastKnownFileType = sourcecode.swift; path = AppDelegate.swift; sourceTree = "<group>"; };
		607FACDA1AFB9204008FA782 /* Base */ = {isa = PBXFileReference; lastKnownFileType = file.storyboard; name = Base; path = Base.lproj/Main.storyboard; sourceTree = "<group>"; };
		607FACDC1AFB9204008FA782 /* Images.xcassets */ = {isa = PBXFileReference; lastKnownFileType = folder.assetcatalog; path = Images.xcassets; sourceTree = "<group>"; };
		607FACDF1AFB9204008FA782 /* Base */ = {isa = PBXFileReference; lastKnownFileType = file.xib; name = Base; path = Base.lproj/LaunchScreen.xib; sourceTree = "<group>"; };
		607FACE51AFB9204008FA782 /* PageNavigator_Tests.xctest */ = {isa = PBXFileReference; explicitFileType = wrapper.cfbundle; includeInIndex = 0; path = PageNavigator_Tests.xctest; sourceTree = BUILT_PRODUCTS_DIR; };
		607FACEA1AFB9204008FA782 /* Info.plist */ = {isa = PBXFileReference; lastKnownFileType = text.plist.xml; path = Info.plist; sourceTree = "<group>"; };
		607FACEB1AFB9204008FA782 /* Tests.swift */ = {isa = PBXFileReference; lastKnownFileType = sourcecode.swift; path = Tests.swift; sourceTree = "<group>"; };
		65EC83BDED2D9760221A53E0 /* Pods-PageNavigator_Tests.debug.xcconfig */ = {isa = PBXFileReference; includeInIndex = 1; lastKnownFileType = text.xcconfig; name = "Pods-PageNavigator_Tests.debug.xcconfig"; path = "Target Support Files/Pods-PageNavigator_Tests/Pods-PageNavigator_Tests.debug.xcconfig"; sourceTree = "<group>"; };
		6881299EE5787F40196C4B82 /* Pods-PageNavigator_Tests.release.xcconfig */ = {isa = PBXFileReference; includeInIndex = 1; lastKnownFileType = text.xcconfig; name = "Pods-PageNavigator_Tests.release.xcconfig"; path = "Target Support Files/Pods-PageNavigator_Tests/Pods-PageNavigator_Tests.release.xcconfig"; sourceTree = "<group>"; };
		6E1E369D170227BD31A84A8E /* Pods_PageNavigator_Tests.framework */ = {isa = PBXFileReference; explicitFileType = wrapper.framework; includeInIndex = 0; path = Pods_PageNavigator_Tests.framework; sourceTree = BUILT_PRODUCTS_DIR; };
		7D9000C44D4F41D42C116638 /* Pods-PageNavigator_Example.debug.xcconfig */ = {isa = PBXFileReference; includeInIndex = 1; lastKnownFileType = text.xcconfig; name = "Pods-PageNavigator_Example.debug.xcconfig"; path = "Target Support Files/Pods-PageNavigator_Example/Pods-PageNavigator_Example.debug.xcconfig"; sourceTree = "<group>"; };
		8BBCE259A5FC03D6859A99BE /* LICENSE */ = {isa = PBXFileReference; includeInIndex = 1; lastKnownFileType = text; name = LICENSE; path = ../LICENSE; sourceTree = "<group>"; };
		ACFD75F1AFD1D1BBE9F96E3C /* Pods-PageNavigator_Example.release.xcconfig */ = {isa = PBXFileReference; includeInIndex = 1; lastKnownFileType = text.xcconfig; name = "Pods-PageNavigator_Example.release.xcconfig"; path = "Target Support Files/Pods-PageNavigator_Example/Pods-PageNavigator_Example.release.xcconfig"; sourceTree = "<group>"; };
/* End PBXFileReference section */

/* Begin PBXFrameworksBuildPhase section */
		607FACCD1AFB9204008FA782 /* Frameworks */ = {
			isa = PBXFrameworksBuildPhase;
			buildActionMask = 2147483647;
			files = (
				F0077A1ED3654C09FF42F96D /* Pods_PageNavigator_Example.framework in Frameworks */,
			);
			runOnlyForDeploymentPostprocessing = 0;
		};
		607FACE21AFB9204008FA782 /* Frameworks */ = {
			isa = PBXFrameworksBuildPhase;
			buildActionMask = 2147483647;
			files = (
				4D62C684B654D3C1BAAF8D24 /* Pods_PageNavigator_Tests.framework in Frameworks */,
			);
			runOnlyForDeploymentPostprocessing = 0;
		};
/* End PBXFrameworksBuildPhase section */

/* Begin PBXGroup section */
		0450D4ED22CC9BA400DF175D /* Navigator */ = {
			isa = PBXGroup;
			children = (
				0450D4EE22CC9BA400DF175D /* TabBarSceneHandler.swift */,
				0450D4EF22CC9BA400DF175D /* TableSceneHandler.swift */,
				0450D4F022CC9BA400DF175D /* RedSceneHandler.swift */,
				0450D4F122CC9BA400DF175D /* BlueSceneHandler.swift */,
				0450D4F222CC9BA400DF175D /* NavBarSceneHandler.swift */,
				0450D4F322CC9BA400DF175D /* URLSceneHandler.swift */,
				0450D4F422CC9BA400DF175D /* WebViewSceneHandler.swift */,
				0450D4F522CC9BA400DF175D /* CollectionSceneHandler.swift */,
				0450D4F622CC9BA400DF175D /* GreenSceneHandler.swift */,
				0450D4F722CC9BA400DF175D /* Navigator.swift */,
			);
			path = Navigator;
			sourceTree = "<group>";
		};
		0450D4F822CC9BA400DF175D /* NavigatorFlow */ = {
			isa = PBXGroup;
			children = (
				0450D4F922CC9BA400DF175D /* NavigatorFlowHeader.swift */,
				0450D4FA22CC9BA400DF175D /* PresentationContext.swift */,
				0450D4FB22CC9BA400DF175D /* NavigatorFlowLayout.swift */,
				0450D4FC22CC9BA400DF175D /* NavigatorFlowSequence.swift */,
				0450D4FD22CC9BA400DF175D /* Presentation.swift */,
				0450D4FE22CC9BA400DF175D /* NavigatorFlowCollection.swift */,
				0450D4FF22CC9BA400DF175D /* NavigatorFlowCell.swift */,
				0450D50022CC9BA400DF175D /* NavigatorFlowSection.swift */,
				0450D50122CC9BA400DF175D /* NavigatorFlowTableController.swift */,
			);
			path = NavigatorFlow;
			sourceTree = "<group>";
		};
		0450D50222CC9BA400DF175D /* Helper */ = {
			isa = PBXGroup;
			children = (
				0450D50322CC9BA400DF175D /* UIColor+Utils.swift */,
			);
			path = Helper;
			sourceTree = "<group>";
		};
		0450D50422CC9BA400DF175D /* Transition */ = {
			isa = PBXGroup;
			children = (
				0450D50522CC9BA400DF175D /* LeftTransition.swift */,
			);
			path = Transition;
			sourceTree = "<group>";
		};
		0450D50622CC9BA400DF175D /* Interceptors */ = {
			isa = PBXGroup;
			children = (
				0450D50722CC9BA400DF175D /* Interceptors.swift */,
			);
			path = Interceptors;
			sourceTree = "<group>";
		};
		04AE50EB22CDCED10089A405 /* Common */ = {
			isa = PBXGroup;
			children = (
				04AE50EC22CDCEDE0089A405 /* GTUITabBarController.swift */,
				04AE50EE22CDCF240089A405 /* GTUINavigationController.swift */,
			);
			path = Common;
			sourceTree = "<group>";
		};
		274EA048D4FC2A10623DDFE7 /* Pods */ = {
			isa = PBXGroup;
			children = (
				7D9000C44D4F41D42C116638 /* Pods-PageNavigator_Example.debug.xcconfig */,
				ACFD75F1AFD1D1BBE9F96E3C /* Pods-PageNavigator_Example.release.xcconfig */,
				65EC83BDED2D9760221A53E0 /* Pods-PageNavigator_Tests.debug.xcconfig */,
				6881299EE5787F40196C4B82 /* Pods-PageNavigator_Tests.release.xcconfig */,
			);
			path = Pods;
			sourceTree = "<group>";
		};
		607FACC71AFB9204008FA782 = {
			isa = PBXGroup;
			children = (
				607FACF51AFB993E008FA782 /* Podspec Metadata */,
				607FACD21AFB9204008FA782 /* Example for PageNavigator */,
				607FACE81AFB9204008FA782 /* Tests */,
				607FACD11AFB9204008FA782 /* Products */,
				274EA048D4FC2A10623DDFE7 /* Pods */,
				B3F852AA8C7C23833A16765E /* Frameworks */,
			);
			sourceTree = "<group>";
		};
		607FACD11AFB9204008FA782 /* Products */ = {
			isa = PBXGroup;
			children = (
				607FACD01AFB9204008FA782 /* PageNavigator_Example.app */,
				607FACE51AFB9204008FA782 /* PageNavigator_Tests.xctest */,
			);
			name = Products;
			sourceTree = "<group>";
		};
		607FACD21AFB9204008FA782 /* Example for PageNavigator */ = {
			isa = PBXGroup;
			children = (
				607FACD51AFB9204008FA782 /* AppDelegate.swift */,
				04AE50EB22CDCED10089A405 /* Common */,
				0450D50222CC9BA400DF175D /* Helper */,
				0450D50622CC9BA400DF175D /* Interceptors */,
				0450D4ED22CC9BA400DF175D /* Navigator */,
				0450D4F822CC9BA400DF175D /* NavigatorFlow */,
				0450D50422CC9BA400DF175D /* Transition */,
				607FACD31AFB9204008FA782 /* Supporting Files */,
			);
			name = "Example for PageNavigator";
			path = PageNavigator;
			sourceTree = "<group>";
		};
		607FACD31AFB9204008FA782 /* Supporting Files */ = {
			isa = PBXGroup;
			children = (
				607FACD91AFB9204008FA782 /* Main.storyboard */,
				607FACDC1AFB9204008FA782 /* Images.xcassets */,
				607FACDE1AFB9204008FA782 /* LaunchScreen.xib */,
				607FACD41AFB9204008FA782 /* Info.plist */,
			);
			name = "Supporting Files";
			sourceTree = "<group>";
		};
		607FACE81AFB9204008FA782 /* Tests */ = {
			isa = PBXGroup;
			children = (
				607FACEB1AFB9204008FA782 /* Tests.swift */,
				607FACE91AFB9204008FA782 /* Supporting Files */,
			);
			path = Tests;
			sourceTree = "<group>";
		};
		607FACE91AFB9204008FA782 /* Supporting Files */ = {
			isa = PBXGroup;
			children = (
				607FACEA1AFB9204008FA782 /* Info.plist */,
			);
			name = "Supporting Files";
			sourceTree = "<group>";
		};
		607FACF51AFB993E008FA782 /* Podspec Metadata */ = {
			isa = PBXGroup;
			children = (
				2713A37CE52E67A46111FF32 /* PageNavigator.podspec */,
				3AAF6263043009DE4C79302A /* README.md */,
				8BBCE259A5FC03D6859A99BE /* LICENSE */,
			);
			name = "Podspec Metadata";
			sourceTree = "<group>";
		};
		B3F852AA8C7C23833A16765E /* Frameworks */ = {
			isa = PBXGroup;
			children = (
				19489721CBA1BD98978A6B95 /* Pods_PageNavigator_Example.framework */,
				6E1E369D170227BD31A84A8E /* Pods_PageNavigator_Tests.framework */,
			);
			name = Frameworks;
			sourceTree = "<group>";
		};
/* End PBXGroup section */

/* Begin PBXNativeTarget section */
		607FACCF1AFB9204008FA782 /* PageNavigator_Example */ = {
			isa = PBXNativeTarget;
			buildConfigurationList = 607FACEF1AFB9204008FA782 /* Build configuration list for PBXNativeTarget "PageNavigator_Example" */;
			buildPhases = (
				AB0010D1CEC8D8FAABBE6559 /* [CP] Check Pods Manifest.lock */,
				607FACCC1AFB9204008FA782 /* Sources */,
				607FACCD1AFB9204008FA782 /* Frameworks */,
				607FACCE1AFB9204008FA782 /* Resources */,
				5DA60DA1D729209BA3D3F4AB /* [CP] Embed Pods Frameworks */,
			);
			buildRules = (
			);
			dependencies = (
			);
			name = PageNavigator_Example;
			productName = PageNavigator;
			productReference = 607FACD01AFB9204008FA782 /* PageNavigator_Example.app */;
			productType = "com.apple.product-type.application";
		};
		607FACE41AFB9204008FA782 /* PageNavigator_Tests */ = {
			isa = PBXNativeTarget;
			buildConfigurationList = 607FACF21AFB9204008FA782 /* Build configuration list for PBXNativeTarget "PageNavigator_Tests" */;
			buildPhases = (
				D43DCAA82C6154B11BD024EF /* [CP] Check Pods Manifest.lock */,
				607FACE11AFB9204008FA782 /* Sources */,
				607FACE21AFB9204008FA782 /* Frameworks */,
				607FACE31AFB9204008FA782 /* Resources */,
			);
			buildRules = (
			);
			dependencies = (
				607FACE71AFB9204008FA782 /* PBXTargetDependency */,
			);
			name = PageNavigator_Tests;
			productName = Tests;
			productReference = 607FACE51AFB9204008FA782 /* PageNavigator_Tests.xctest */;
			productType = "com.apple.product-type.bundle.unit-test";
		};
/* End PBXNativeTarget section */

/* Begin PBXProject section */
		607FACC81AFB9204008FA782 /* Project object */ = {
			isa = PBXProject;
			attributes = {
				LastSwiftUpdateCheck = 0830;
				LastUpgradeCheck = 0830;
				ORGANIZATIONNAME = CocoaPods;
				TargetAttributes = {
					607FACCF1AFB9204008FA782 = {
						CreatedOnToolsVersion = 6.3.1;
						LastSwiftMigration = 0900;
					};
					607FACE41AFB9204008FA782 = {
						CreatedOnToolsVersion = 6.3.1;
						LastSwiftMigration = 0900;
						TestTargetID = 607FACCF1AFB9204008FA782;
					};
				};
			};
			buildConfigurationList = 607FACCB1AFB9204008FA782 /* Build configuration list for PBXProject "PageNavigator" */;
			compatibilityVersion = "Xcode 3.2";
			developmentRegion = English;
			hasScannedForEncodings = 0;
			knownRegions = (
				English,
				en,
				Base,
			);
			mainGroup = 607FACC71AFB9204008FA782;
			productRefGroup = 607FACD11AFB9204008FA782 /* Products */;
			projectDirPath = "";
			projectRoot = "";
			targets = (
				607FACCF1AFB9204008FA782 /* PageNavigator_Example */,
				607FACE41AFB9204008FA782 /* PageNavigator_Tests */,
			);
		};
/* End PBXProject section */

/* Begin PBXResourcesBuildPhase section */
		607FACCE1AFB9204008FA782 /* Resources */ = {
			isa = PBXResourcesBuildPhase;
			buildActionMask = 2147483647;
			files = (
				607FACDB1AFB9204008FA782 /* Main.storyboard in Resources */,
				607FACE01AFB9204008FA782 /* LaunchScreen.xib in Resources */,
				607FACDD1AFB9204008FA782 /* Images.xcassets in Resources */,
			);
			runOnlyForDeploymentPostprocessing = 0;
		};
		607FACE31AFB9204008FA782 /* Resources */ = {
			isa = PBXResourcesBuildPhase;
			buildActionMask = 2147483647;
			files = (
			);
			runOnlyForDeploymentPostprocessing = 0;
		};
/* End PBXResourcesBuildPhase section */

/* Begin PBXShellScriptBuildPhase section */
		5DA60DA1D729209BA3D3F4AB /* [CP] Embed Pods Frameworks */ = {
			isa = PBXShellScriptBuildPhase;
			buildActionMask = 2147483647;
			files = (
			);
			inputFileListPaths = (
			);
			inputPaths = (
				"${PODS_ROOT}/Target Support Files/Pods-PageNavigator_Example/Pods-PageNavigator_Example-frameworks.sh",
				"${BUILT_PRODUCTS_DIR}/PageNavigator/PageNavigator.framework",
			);
			name = "[CP] Embed Pods Frameworks";
			outputFileListPaths = (
			);
			outputPaths = (
				"${TARGET_BUILD_DIR}/${FRAMEWORKS_FOLDER_PATH}/PageNavigator.framework",
			);
			runOnlyForDeploymentPostprocessing = 0;
			shellPath = /bin/sh;
			shellScript = "\"${PODS_ROOT}/Target Support Files/Pods-PageNavigator_Example/Pods-PageNavigator_Example-frameworks.sh\"\n";
			showEnvVarsInLog = 0;
		};
		AB0010D1CEC8D8FAABBE6559 /* [CP] Check Pods Manifest.lock */ = {
			isa = PBXShellScriptBuildPhase;
			buildActionMask = 2147483647;
			files = (
			);
			inputFileListPaths = (
			);
			inputPaths = (
				"${PODS_PODFILE_DIR_PATH}/Podfile.lock",
				"${PODS_ROOT}/Manifest.lock",
			);
			name = "[CP] Check Pods Manifest.lock";
			outputFileListPaths = (
			);
			outputPaths = (
				"$(DERIVED_FILE_DIR)/Pods-PageNavigator_Example-checkManifestLockResult.txt",
			);
			runOnlyForDeploymentPostprocessing = 0;
			shellPath = /bin/sh;
			shellScript = "diff \"${PODS_PODFILE_DIR_PATH}/Podfile.lock\" \"${PODS_ROOT}/Manifest.lock\" > /dev/null\nif [ $? != 0 ] ; then\n    # print error to STDERR\n    echo \"error: The sandbox is not in sync with the Podfile.lock. Run 'pod install' or update your CocoaPods installation.\" >&2\n    exit 1\nfi\n# This output is used by Xcode 'outputs' to avoid re-running this script phase.\necho \"SUCCESS\" > \"${SCRIPT_OUTPUT_FILE_0}\"\n";
			showEnvVarsInLog = 0;
		};
		D43DCAA82C6154B11BD024EF /* [CP] Check Pods Manifest.lock */ = {
			isa = PBXShellScriptBuildPhase;
			buildActionMask = 2147483647;
			files = (
			);
			inputFileListPaths = (
			);
			inputPaths = (
				"${PODS_PODFILE_DIR_PATH}/Podfile.lock",
				"${PODS_ROOT}/Manifest.lock",
			);
			name = "[CP] Check Pods Manifest.lock";
			outputFileListPaths = (
			);
			outputPaths = (
				"$(DERIVED_FILE_DIR)/Pods-PageNavigator_Tests-checkManifestLockResult.txt",
			);
			runOnlyForDeploymentPostprocessing = 0;
			shellPath = /bin/sh;
			shellScript = "diff \"${PODS_PODFILE_DIR_PATH}/Podfile.lock\" \"${PODS_ROOT}/Manifest.lock\" > /dev/null\nif [ $? != 0 ] ; then\n    # print error to STDERR\n    echo \"error: The sandbox is not in sync with the Podfile.lock. Run 'pod install' or update your CocoaPods installation.\" >&2\n    exit 1\nfi\n# This output is used by Xcode 'outputs' to avoid re-running this script phase.\necho \"SUCCESS\" > \"${SCRIPT_OUTPUT_FILE_0}\"\n";
			showEnvVarsInLog = 0;
		};
/* End PBXShellScriptBuildPhase section */

/* Begin PBXSourcesBuildPhase section */
		607FACCC1AFB9204008FA782 /* Sources */ = {
			isa = PBXSourcesBuildPhase;
			buildActionMask = 2147483647;
			files = (
				0450D50922CC9BA400DF175D /* TableSceneHandler.swift in Sources */,
				0450D50E22CC9BA400DF175D /* WebViewSceneHandler.swift in Sources */,
				0450D51722CC9BA500DF175D /* NavigatorFlowCollection.swift in Sources */,
				0450D51C22CC9BA500DF175D /* LeftTransition.swift in Sources */,
				607FACD61AFB9204008FA782 /* AppDelegate.swift in Sources */,
				0450D51A22CC9BA500DF175D /* NavigatorFlowTableController.swift in Sources */,
				0450D50822CC9BA400DF175D /* TabBarSceneHandler.swift in Sources */,
				0450D51B22CC9BA500DF175D /* UIColor+Utils.swift in Sources */,
				0450D50B22CC9BA400DF175D /* BlueSceneHandler.swift in Sources */,
				0450D51122CC9BA400DF175D /* Navigator.swift in Sources */,
				0450D51822CC9BA500DF175D /* NavigatorFlowCell.swift in Sources */,
				0450D50A22CC9BA400DF175D /* RedSceneHandler.swift in Sources */,
				0450D51422CC9BA400DF175D /* NavigatorFlowLayout.swift in Sources */,
				0450D51D22CC9BA500DF175D /* Interceptors.swift in Sources */,
				04AE50ED22CDCEDE0089A405 /* GTUITabBarController.swift in Sources */,
				0450D50D22CC9BA400DF175D /* URLSceneHandler.swift in Sources */,
				0450D51622CC9BA500DF175D /* Presentation.swift in Sources */,
				0450D51522CC9BA500DF175D /* NavigatorFlowSequence.swift in Sources */,
				0450D51222CC9BA400DF175D /* NavigatorFlowHeader.swift in Sources */,
				0450D50F22CC9BA400DF175D /* CollectionSceneHandler.swift in Sources */,
				04AE50EF22CDCF240089A405 /* GTUINavigationController.swift in Sources */,
				0450D51922CC9BA500DF175D /* NavigatorFlowSection.swift in Sources */,
				0450D51322CC9BA400DF175D /* PresentationContext.swift in Sources */,
				0450D50C22CC9BA400DF175D /* NavBarSceneHandler.swift in Sources */,
				0450D51022CC9BA400DF175D /* GreenSceneHandler.swift in Sources */,
			);
			runOnlyForDeploymentPostprocessing = 0;
		};
		607FACE11AFB9204008FA782 /* Sources */ = {
			isa = PBXSourcesBuildPhase;
			buildActionMask = 2147483647;
			files = (
				607FACEC1AFB9204008FA782 /* Tests.swift in Sources */,
			);
			runOnlyForDeploymentPostprocessing = 0;
		};
/* End PBXSourcesBuildPhase section */

/* Begin PBXTargetDependency section */
		607FACE71AFB9204008FA782 /* PBXTargetDependency */ = {
			isa = PBXTargetDependency;
			target = 607FACCF1AFB9204008FA782 /* PageNavigator_Example */;
			targetProxy = 607FACE61AFB9204008FA782 /* PBXContainerItemProxy */;
		};
/* End PBXTargetDependency section */

/* Begin PBXVariantGroup section */
		607FACD91AFB9204008FA782 /* Main.storyboard */ = {
			isa = PBXVariantGroup;
			children = (
				607FACDA1AFB9204008FA782 /* Base */,
			);
			name = Main.storyboard;
			sourceTree = "<group>";
		};
		607FACDE1AFB9204008FA782 /* LaunchScreen.xib */ = {
			isa = PBXVariantGroup;
			children = (
				607FACDF1AFB9204008FA782 /* Base */,
			);
			name = LaunchScreen.xib;
			sourceTree = "<group>";
		};
/* End PBXVariantGroup section */

/* Begin XCBuildConfiguration section */
		607FACED1AFB9204008FA782 /* Debug */ = {
			isa = XCBuildConfiguration;
			buildSettings = {
				ALWAYS_SEARCH_USER_PATHS = NO;
				CLANG_CXX_LANGUAGE_STANDARD = "gnu++0x";
				CLANG_CXX_LIBRARY = "libc++";
				CLANG_ENABLE_MODULES = YES;
				CLANG_ENABLE_OBJC_ARC = YES;
				CLANG_WARN_BLOCK_CAPTURE_AUTORELEASING = YES;
				CLANG_WARN_BOOL_CONVERSION = YES;
				CLANG_WARN_COMMA = YES;
				CLANG_WARN_CONSTANT_CONVERSION = YES;
				CLANG_WARN_DIRECT_OBJC_ISA_USAGE = YES_ERROR;
				CLANG_WARN_EMPTY_BODY = YES;
				CLANG_WARN_ENUM_CONVERSION = YES;
				CLANG_WARN_INFINITE_RECURSION = YES;
				CLANG_WARN_INT_CONVERSION = YES;
				CLANG_WARN_NON_LITERAL_NULL_CONVERSION = YES;
				CLANG_WARN_OBJC_LITERAL_CONVERSION = YES;
				CLANG_WARN_OBJC_ROOT_CLASS = YES_ERROR;
				CLANG_WARN_RANGE_LOOP_ANALYSIS = YES;
				CLANG_WARN_STRICT_PROTOTYPES = YES;
				CLANG_WARN_SUSPICIOUS_MOVE = YES;
				CLANG_WARN_UNREACHABLE_CODE = YES;
				CLANG_WARN__DUPLICATE_METHOD_MATCH = YES;
				"CODE_SIGN_IDENTITY[sdk=iphoneos*]" = "iPhone Developer";
				COPY_PHASE_STRIP = NO;
				DEBUG_INFORMATION_FORMAT = "dwarf-with-dsym";
				ENABLE_STRICT_OBJC_MSGSEND = YES;
				ENABLE_TESTABILITY = YES;
				GCC_C_LANGUAGE_STANDARD = gnu99;
				GCC_DYNAMIC_NO_PIC = NO;
				GCC_NO_COMMON_BLOCKS = YES;
				GCC_OPTIMIZATION_LEVEL = 0;
				GCC_PREPROCESSOR_DEFINITIONS = (
					"DEBUG=1",
					"$(inherited)",
				);
				GCC_SYMBOLS_PRIVATE_EXTERN = NO;
				GCC_WARN_64_TO_32_BIT_CONVERSION = YES;
				GCC_WARN_ABOUT_RETURN_TYPE = YES_ERROR;
				GCC_WARN_UNDECLARED_SELECTOR = YES;
				GCC_WARN_UNINITIALIZED_AUTOS = YES_AGGRESSIVE;
				GCC_WARN_UNUSED_FUNCTION = YES;
				GCC_WARN_UNUSED_VARIABLE = YES;
				IPHONEOS_DEPLOYMENT_TARGET = 9.3;
				MTL_ENABLE_DEBUG_INFO = YES;
				ONLY_ACTIVE_ARCH = YES;
				SDKROOT = iphoneos;
				SWIFT_OPTIMIZATION_LEVEL = "-Onone";
			};
			name = Debug;
		};
		607FACEE1AFB9204008FA782 /* Release */ = {
			isa = XCBuildConfiguration;
			buildSettings = {
				ALWAYS_SEARCH_USER_PATHS = NO;
				CLANG_CXX_LANGUAGE_STANDARD = "gnu++0x";
				CLANG_CXX_LIBRARY = "libc++";
				CLANG_ENABLE_MODULES = YES;
				CLANG_ENABLE_OBJC_ARC = YES;
				CLANG_WARN_BLOCK_CAPTURE_AUTORELEASING = YES;
				CLANG_WARN_BOOL_CONVERSION = YES;
				CLANG_WARN_COMMA = YES;
				CLANG_WARN_CONSTANT_CONVERSION = YES;
				CLANG_WARN_DIRECT_OBJC_ISA_USAGE = YES_ERROR;
				CLANG_WARN_EMPTY_BODY = YES;
				CLANG_WARN_ENUM_CONVERSION = YES;
				CLANG_WARN_INFINITE_RECURSION = YES;
				CLANG_WARN_INT_CONVERSION = YES;
				CLANG_WARN_NON_LITERAL_NULL_CONVERSION = YES;
				CLANG_WARN_OBJC_LITERAL_CONVERSION = YES;
				CLANG_WARN_OBJC_ROOT_CLASS = YES_ERROR;
				CLANG_WARN_RANGE_LOOP_ANALYSIS = YES;
				CLANG_WARN_STRICT_PROTOTYPES = YES;
				CLANG_WARN_SUSPICIOUS_MOVE = YES;
				CLANG_WARN_UNREACHABLE_CODE = YES;
				CLANG_WARN__DUPLICATE_METHOD_MATCH = YES;
				"CODE_SIGN_IDENTITY[sdk=iphoneos*]" = "iPhone Developer";
				COPY_PHASE_STRIP = NO;
				DEBUG_INFORMATION_FORMAT = "dwarf-with-dsym";
				ENABLE_NS_ASSERTIONS = NO;
				ENABLE_STRICT_OBJC_MSGSEND = YES;
				GCC_C_LANGUAGE_STANDARD = gnu99;
				GCC_NO_COMMON_BLOCKS = YES;
				GCC_WARN_64_TO_32_BIT_CONVERSION = YES;
				GCC_WARN_ABOUT_RETURN_TYPE = YES_ERROR;
				GCC_WARN_UNDECLARED_SELECTOR = YES;
				GCC_WARN_UNINITIALIZED_AUTOS = YES_AGGRESSIVE;
				GCC_WARN_UNUSED_FUNCTION = YES;
				GCC_WARN_UNUSED_VARIABLE = YES;
				IPHONEOS_DEPLOYMENT_TARGET = 9.3;
				MTL_ENABLE_DEBUG_INFO = NO;
				SDKROOT = iphoneos;
				SWIFT_OPTIMIZATION_LEVEL = "-Owholemodule";
				VALIDATE_PRODUCT = YES;
			};
			name = Release;
		};
		607FACF01AFB9204008FA782 /* Debug */ = {
			isa = XCBuildConfiguration;
			baseConfigurationReference = 7D9000C44D4F41D42C116638 /* Pods-PageNavigator_Example.debug.xcconfig */;
			buildSettings = {
				ASSETCATALOG_COMPILER_APPICON_NAME = AppIcon;
				INFOPLIST_FILE = PageNavigator/Info.plist;
				IPHONEOS_DEPLOYMENT_TARGET = 9.0;
				LD_RUNPATH_SEARCH_PATHS = "$(inherited) @executable_path/Frameworks";
				MODULE_NAME = ExampleApp;
				PRODUCT_BUNDLE_IDENTIFIER = "org.cocoapods.demo.$(PRODUCT_NAME:rfc1034identifier)";
				PRODUCT_NAME = "$(TARGET_NAME)";
				SWIFT_SWIFT3_OBJC_INFERENCE = Default;
				SWIFT_VERSION = 4.0;
			};
			name = Debug;
		};
		607FACF11AFB9204008FA782 /* Release */ = {
			isa = XCBuildConfiguration;
			baseConfigurationReference = ACFD75F1AFD1D1BBE9F96E3C /* Pods-PageNavigator_Example.release.xcconfig */;
			buildSettings = {
				ASSETCATALOG_COMPILER_APPICON_NAME = AppIcon;
				INFOPLIST_FILE = PageNavigator/Info.plist;
				IPHONEOS_DEPLOYMENT_TARGET = 9.0;
				LD_RUNPATH_SEARCH_PATHS = "$(inherited) @executable_path/Frameworks";
				MODULE_NAME = ExampleApp;
				PRODUCT_BUNDLE_IDENTIFIER = "org.cocoapods.demo.$(PRODUCT_NAME:rfc1034identifier)";
				PRODUCT_NAME = "$(TARGET_NAME)";
				SWIFT_SWIFT3_OBJC_INFERENCE = Default;
				SWIFT_VERSION = 4.0;
			};
			name = Release;
		};
		607FACF31AFB9204008FA782 /* Debug */ = {
			isa = XCBuildConfiguration;
			baseConfigurationReference = 65EC83BDED2D9760221A53E0 /* Pods-PageNavigator_Tests.debug.xcconfig */;
			buildSettings = {
				FRAMEWORK_SEARCH_PATHS = (
					"$(PLATFORM_DIR)/Developer/Library/Frameworks",
					"$(inherited)",
				);
				GCC_PREPROCESSOR_DEFINITIONS = (
					"DEBUG=1",
					"$(inherited)",
				);
				INFOPLIST_FILE = Tests/Info.plist;
				LD_RUNPATH_SEARCH_PATHS = "$(inherited) @executable_path/Frameworks @loader_path/Frameworks";
				PRODUCT_BUNDLE_IDENTIFIER = "org.cocoapods.$(PRODUCT_NAME:rfc1034identifier)";
				PRODUCT_NAME = "$(TARGET_NAME)";
				SWIFT_SWIFT3_OBJC_INFERENCE = Default;
				SWIFT_VERSION = 4.0;
				TEST_HOST = "$(BUILT_PRODUCTS_DIR)/PageNavigator_Example.app/PageNavigator_Example";
			};
			name = Debug;
		};
		607FACF41AFB9204008FA782 /* Release */ = {
			isa = XCBuildConfiguration;
			baseConfigurationReference = 6881299EE5787F40196C4B82 /* Pods-PageNavigator_Tests.release.xcconfig */;
			buildSettings = {
				FRAMEWORK_SEARCH_PATHS = (
					"$(PLATFORM_DIR)/Developer/Library/Frameworks",
					"$(inherited)",
				);
				INFOPLIST_FILE = Tests/Info.plist;
				LD_RUNPATH_SEARCH_PATHS = "$(inherited) @executable_path/Frameworks @loader_path/Frameworks";
				PRODUCT_BUNDLE_IDENTIFIER = "org.cocoapods.$(PRODUCT_NAME:rfc1034identifier)";
				PRODUCT_NAME = "$(TARGET_NAME)";
				SWIFT_SWIFT3_OBJC_INFERENCE = Default;
				SWIFT_VERSION = 4.0;
				TEST_HOST = "$(BUILT_PRODUCTS_DIR)/PageNavigator_Example.app/PageNavigator_Example";
			};
			name = Release;
		};
/* End XCBuildConfiguration section */

/* Begin XCConfigurationList section */
		607FACCB1AFB9204008FA782 /* Build configuration list for PBXProject "PageNavigator" */ = {
			isa = XCConfigurationList;
			buildConfigurations = (
				607FACED1AFB9204008FA782 /* Debug */,
				607FACEE1AFB9204008FA782 /* Release */,
			);
			defaultConfigurationIsVisible = 0;
			defaultConfigurationName = Release;
		};
		607FACEF1AFB9204008FA782 /* Build configuration list for PBXNativeTarget "PageNavigator_Example" */ = {
			isa = XCConfigurationList;
			buildConfigurations = (
				607FACF01AFB9204008FA782 /* Debug */,
				607FACF11AFB9204008FA782 /* Release */,
			);
			defaultConfigurationIsVisible = 0;
			defaultConfigurationName = Release;
		};
		607FACF21AFB9204008FA782 /* Build configuration list for PBXNativeTarget "PageNavigator_Tests" */ = {
			isa = XCConfigurationList;
			buildConfigurations = (
				607FACF31AFB9204008FA782 /* Debug */,
				607FACF41AFB9204008FA782 /* Release */,
			);
			defaultConfigurationIsVisible = 0;
			defaultConfigurationName = Release;
		};
/* End XCConfigurationList section */
	};
	rootObject = 607FACC81AFB9204008FA782 /* Project object */;
}
